<Solution>
  <Folder Name="/src/" />
  <Folder Name="/src/BuildingBlocks/">
    <Project Path="src/BuildingBlocks/TicketSystem.BuildingBlocks/TicketSystem.BuildingBlocks.csproj" />
  </Folder>
  <Folder Name="/src/Services/" />
  <Folder Name="/src/Services/Identity/">
    <Project Path="src/Services/Identity/TicketSystem.Services.Identity/TicketSystem.Services.Identity.csproj" />
  </Folder>
</Solution>
